
Microsoft Visual Studio Solution File, Format Version 12.00
Project("{2150E333-8FDC-42A3-9474-1A3956D46DE8}") = "0 - Files", "0 - Files", "{142AFFA0-F9AD-4411-93BF-11E04B4014E4}"
ProjectSection(SolutionItems) = preProject
	docker-compose.yml = docker-compose.yml
	migration.sh = migration.sh
	servers.json = servers.json
	README.md = README.md
	.dockerignore = .dockerignore
	.gitignore = .gitignore
EndProjectSection
EndProject
Project("{2150E333-8FDC-42A3-9474-1A3956D46DE8}") = "1 - Apps", "1 - Apps", "{B894D4C2-C74D-4C55-AB0D-D064A4EF25AE}"
EndProject
Project("{2150E333-8FDC-42A3-9474-1A3956D46DE8}") = "2 - Domain", "2 - Domain", "{FE51524F-F815-498D-B399-7C19D94AF9C0}"
EndProject
Project("{2150E333-8FDC-42A3-9474-1A3956D46DE8}") = "3 - Data", "3 - Data", "{51F9F01B-FE1C-4EBA-9026-ED3915DFD3F2}"
EndProject
Project("{2150E333-8FDC-42A3-9474-1A3956D46DE8}") = "4 - Common", "4 - Common", "{9A0E96A0-9FD7-49A2-B537-2C0927209E2E}"
EndProject
Project("{2150E333-8FDC-42A3-9474-1A3956D46DE8}") = "5 - Tests", "5 - Tests", "{B3AB8ECA-60B4-4355-9B56-55FE59D2D03B}"
EndProject
Project("{2150E333-8FDC-42A3-9474-1A3956D46DE8}") = "1 - Apps", "1 - Apps", "{B3C7E33A-3228-411D-8098-83840E2A4ABB}"
EndProject
Project("{2150E333-8FDC-42A3-9474-1A3956D46DE8}") = "2 - Domain", "2 - Domain", "{E09E8893-5D9D-49D5-99C0-807A5A82D95B}"
EndProject
Project("{2150E333-8FDC-42A3-9474-1A3956D46DE8}") = "3 - Data", "3 - Data", "{9F2DA285-3107-42B8-9370-0F921B2CB812}"
EndProject
Project("{2150E333-8FDC-42A3-9474-1A3956D46DE8}") = "4 - Common", "4 - Common", "{0600F983-1400-4E1A-9654-3F89B2623833}"
EndProject
Project("{2150E333-8FDC-42A3-9474-1A3956D46DE8}") = "5 - Testing", "5 - Testing", "{61B0722A-8A9D-4011-9C50-2B0284833C38}"
EndProject
Project("{FAE04EC0-301F-11D3-BF4B-00C04F79EFBC}") = "FigureMath.Apps", "src\FigureMath.Apps\FigureMath.Apps.csproj", "{D0FFAE63-5A75-4CDD-88A4-56B51D75329F}"
EndProject
Project("{FAE04EC0-301F-11D3-BF4B-00C04F79EFBC}") = "FigureMath.Common", "src\FigureMath.Common\FigureMath.Common.csproj", "{A67F7320-99CB-4A21-9E54-6B5E2C2DDDF6}"
EndProject
Project("{FAE04EC0-301F-11D3-BF4B-00C04F79EFBC}") = "FigureMath.Common.AspNet", "src\FigureMath.Common.AspNet\FigureMath.Common.AspNet.csproj", "{DC04B8A7-BFA6-4629-ACEC-5F5591C1CD6B}"
EndProject
Project("{FAE04EC0-301F-11D3-BF4B-00C04F79EFBC}") = "FigureMath.Common.Data", "src\FigureMath.Common.Data\FigureMath.Common.Data.csproj", "{5614E5B8-49A0-4950-8F2A-DBBF1F793B46}"
EndProject
Project("{FAE04EC0-301F-11D3-BF4B-00C04F79EFBC}") = "FigureMath.Data", "src\FigureMath.Data\FigureMath.Data.csproj", "{B55702A5-EE92-4DBD-A45C-D1CF5210267A}"
EndProject
Project("{FAE04EC0-301F-11D3-BF4B-00C04F79EFBC}") = "FigureMath.Apps.WebApi", "src\FigureMath.Apps.WebApi\FigureMath.Apps.WebApi.csproj", "{9EE6213D-BFA0-4671-824B-941F6B61E0F9}"
EndProject
Project("{FAE04EC0-301F-11D3-BF4B-00C04F79EFBC}") = "FigureMath.Apps.WebApi.Domain", "src\FigureMath.Apps.WebApi.Domain\FigureMath.Apps.WebApi.Domain.csproj", "{7147399D-DF62-43AF-A784-554AD0499263}"
EndProject
Project("{FAE04EC0-301F-11D3-BF4B-00C04F79EFBC}") = "FigureMath.Apps.WebApi.Domain.Tests", "tests\FigureMath.Apps.WebApi.Domain.Tests\FigureMath.Apps.WebApi.Domain.Tests.csproj", "{D4546147-4F98-4AF8-B2F5-9DAD1EAB9251}"
EndProject
Project("{FAE04EC0-301F-11D3-BF4B-00C04F79EFBC}") = "FigureMath.Data.Testing", "tests\FigureMath.Data.Testing\FigureMath.Data.Testing.csproj", "{C394329A-2CA9-428F-A34A-66063148B22B}"
EndProject
Project("{FAE04EC0-301F-11D3-BF4B-00C04F79EFBC}") = "FigureMath.Apps.WebApi.Tests", "tests\FigureMath.Apps.WebApi.Tests\FigureMath.Apps.WebApi.Tests.csproj", "{8A3529E9-61E6-4353-B03E-00A027A16E39}"
EndProject
Project("{FAE04EC0-301F-11D3-BF4B-00C04F79EFBC}") = "FigureMath.Testing", "tests\FigureMath.Testing\FigureMath.Testing.csproj", "{A3186B1F-6785-48F3-BAA1-CA936EA250AE}"
EndProject
Global
	GlobalSection(SolutionConfigurationPlatforms) = preSolution
		Debug|Any CPU = Debug|Any CPU
		Release|Any CPU = Release|Any CPU
	EndGlobalSection
	GlobalSection(NestedProjects) = preSolution
		{B3C7E33A-3228-411D-8098-83840E2A4ABB} = {B3AB8ECA-60B4-4355-9B56-55FE59D2D03B}
		{E09E8893-5D9D-49D5-99C0-807A5A82D95B} = {B3AB8ECA-60B4-4355-9B56-55FE59D2D03B}
		{9F2DA285-3107-42B8-9370-0F921B2CB812} = {B3AB8ECA-60B4-4355-9B56-55FE59D2D03B}
		{0600F983-1400-4E1A-9654-3F89B2623833} = {B3AB8ECA-60B4-4355-9B56-55FE59D2D03B}
		{61B0722A-8A9D-4011-9C50-2B0284833C38} = {B3AB8ECA-60B4-4355-9B56-55FE59D2D03B}
		{D0FFAE63-5A75-4CDD-88A4-56B51D75329F} = {B894D4C2-C74D-4C55-AB0D-D064A4EF25AE}
		{A67F7320-99CB-4A21-9E54-6B5E2C2DDDF6} = {9A0E96A0-9FD7-49A2-B537-2C0927209E2E}
		{DC04B8A7-BFA6-4629-ACEC-5F5591C1CD6B} = {9A0E96A0-9FD7-49A2-B537-2C0927209E2E}
		{5614E5B8-49A0-4950-8F2A-DBBF1F793B46} = {9A0E96A0-9FD7-49A2-B537-2C0927209E2E}
		{B55702A5-EE92-4DBD-A45C-D1CF5210267A} = {51F9F01B-FE1C-4EBA-9026-ED3915DFD3F2}
		{9EE6213D-BFA0-4671-824B-941F6B61E0F9} = {B894D4C2-C74D-4C55-AB0D-D064A4EF25AE}
		{7147399D-DF62-43AF-A784-554AD0499263} = {FE51524F-F815-498D-B399-7C19D94AF9C0}
		{D4546147-4F98-4AF8-B2F5-9DAD1EAB9251} = {E09E8893-5D9D-49D5-99C0-807A5A82D95B}
		{C394329A-2CA9-428F-A34A-66063148B22B} = {9F2DA285-3107-42B8-9370-0F921B2CB812}
		{8A3529E9-61E6-4353-B03E-00A027A16E39} = {B3C7E33A-3228-411D-8098-83840E2A4ABB}
		{A3186B1F-6785-48F3-BAA1-CA936EA250AE} = {61B0722A-8A9D-4011-9C50-2B0284833C38}
	EndGlobalSection
	GlobalSection(ProjectConfigurationPlatforms) = postSolution
		{D0FFAE63-5A75-4CDD-88A4-56B51D75329F}.Debug|Any CPU.ActiveCfg = Debug|Any CPU
		{D0FFAE63-5A75-4CDD-88A4-56B51D75329F}.Debug|Any CPU.Build.0 = Debug|Any CPU
		{D0FFAE63-5A75-4CDD-88A4-56B51D75329F}.Release|Any CPU.ActiveCfg = Release|Any CPU
		{D0FFAE63-5A75-4CDD-88A4-56B51D75329F}.Release|Any CPU.Build.0 = Release|Any CPU
		{A67F7320-99CB-4A21-9E54-6B5E2C2DDDF6}.Debug|Any CPU.ActiveCfg = Debug|Any CPU
		{A67F7320-99CB-4A21-9E54-6B5E2C2DDDF6}.Debug|Any CPU.Build.0 = Debug|Any CPU
		{A67F7320-99CB-4A21-9E54-6B5E2C2DDDF6}.Release|Any CPU.ActiveCfg = Release|Any CPU
		{A67F7320-99CB-4A21-9E54-6B5E2C2DDDF6}.Release|Any CPU.Build.0 = Release|Any CPU
		{DC04B8A7-BFA6-4629-ACEC-5F5591C1CD6B}.Debug|Any CPU.ActiveCfg = Debug|Any CPU
		{DC04B8A7-BFA6-4629-ACEC-5F5591C1CD6B}.Debug|Any CPU.Build.0 = Debug|Any CPU
		{DC04B8A7-BFA6-4629-ACEC-5F5591C1CD6B}.Release|Any CPU.ActiveCfg = Release|Any CPU
		{DC04B8A7-BFA6-4629-ACEC-5F5591C1CD6B}.Release|Any CPU.Build.0 = Release|Any CPU
		{5614E5B8-49A0-4950-8F2A-DBBF1F793B46}.Debug|Any CPU.ActiveCfg = Debug|Any CPU
		{5614E5B8-49A0-4950-8F2A-DBBF1F793B46}.Debug|Any CPU.Build.0 = Debug|Any CPU
		{5614E5B8-49A0-4950-8F2A-DBBF1F793B46}.Release|Any CPU.ActiveCfg = Release|Any CPU
		{5614E5B8-49A0-4950-8F2A-DBBF1F793B46}.Release|Any CPU.Build.0 = Release|Any CPU
		{B55702A5-EE92-4DBD-A45C-D1CF5210267A}.Debug|Any CPU.ActiveCfg = Debug|Any CPU
		{B55702A5-EE92-4DBD-A45C-D1CF5210267A}.Debug|Any CPU.Build.0 = Debug|Any CPU
		{B55702A5-EE92-4DBD-A45C-D1CF5210267A}.Release|Any CPU.ActiveCfg = Release|Any CPU
		{B55702A5-EE92-4DBD-A45C-D1CF5210267A}.Release|Any CPU.Build.0 = Release|Any CPU
		{9EE6213D-BFA0-4671-824B-941F6B61E0F9}.Debug|Any CPU.ActiveCfg = Debug|Any CPU
		{9EE6213D-BFA0-4671-824B-941F6B61E0F9}.Debug|Any CPU.Build.0 = Debug|Any CPU
		{9EE6213D-BFA0-4671-824B-941F6B61E0F9}.Release|Any CPU.ActiveCfg = Release|Any CPU
		{9EE6213D-BFA0-4671-824B-941F6B61E0F9}.Release|Any CPU.Build.0 = Release|Any CPU
		{7147399D-DF62-43AF-A784-554AD0499263}.Debug|Any CPU.ActiveCfg = Debug|Any CPU
		{7147399D-DF62-43AF-A784-554AD0499263}.Debug|Any CPU.Build.0 = Debug|Any CPU
		{7147399D-DF62-43AF-A784-554AD0499263}.Release|Any CPU.ActiveCfg = Release|Any CPU
		{7147399D-DF62-43AF-A784-554AD0499263}.Release|Any CPU.Build.0 = Release|Any CPU
		{D4546147-4F98-4AF8-B2F5-9DAD1EAB9251}.Debug|Any CPU.ActiveCfg = Debug|Any CPU
		{D4546147-4F98-4AF8-B2F5-9DAD1EAB9251}.Debug|Any CPU.Build.0 = Debug|Any CPU
		{D4546147-4F98-4AF8-B2F5-9DAD1EAB9251}.Release|Any CPU.ActiveCfg = Release|Any CPU
		{D4546147-4F98-4AF8-B2F5-9DAD1EAB9251}.Release|Any CPU.Build.0 = Release|Any CPU
		{C394329A-2CA9-428F-A34A-66063148B22B}.Debug|Any CPU.ActiveCfg = Debug|Any CPU
		{C394329A-2CA9-428F-A34A-66063148B22B}.Debug|Any CPU.Build.0 = Debug|Any CPU
		{C394329A-2CA9-428F-A34A-66063148B22B}.Release|Any CPU.ActiveCfg = Release|Any CPU
		{C394329A-2CA9-428F-A34A-66063148B22B}.Release|Any CPU.Build.0 = Release|Any CPU
		{8A3529E9-61E6-4353-B03E-00A027A16E39}.Debug|Any CPU.ActiveCfg = Debug|Any CPU
		{8A3529E9-61E6-4353-B03E-00A027A16E39}.Debug|Any CPU.Build.0 = Debug|Any CPU
		{8A3529E9-61E6-4353-B03E-00A027A16E39}.Release|Any CPU.ActiveCfg = Release|Any CPU
		{8A3529E9-61E6-4353-B03E-00A027A16E39}.Release|Any CPU.Build.0 = Release|Any CPU
		{A3186B1F-6785-48F3-BAA1-CA936EA250AE}.Debug|Any CPU.ActiveCfg = Debug|Any CPU
		{A3186B1F-6785-48F3-BAA1-CA936EA250AE}.Debug|Any CPU.Build.0 = Debug|Any CPU
		{A3186B1F-6785-48F3-BAA1-CA936EA250AE}.Release|Any CPU.ActiveCfg = Release|Any CPU
		{A3186B1F-6785-48F3-BAA1-CA936EA250AE}.Release|Any CPU.Build.0 = Release|Any CPU
	EndGlobalSection
EndGlobal
